
Microsoft Visual Studio Solution File, Format Version 12.00
# Visual Studio Version 17
VisualStudioVersion = 17.14.36511.14 d17.14
MinimumVisualStudioVersion = 10.0.40219.1
Project("{FAE04EC0-301F-11D3-BF4B-00C04F79EFBC}") = "CompoundInterestDLL", "CompoundInterestDLL\CompoundInterestDLL.csproj", "{94B5C30A-BBEE-4D1E-86AB-6F046BC91D07}"
EndProject
Project("{FAE04EC0-301F-11D3-BF4B-00C04F79EFBC}") = "InterestConsoleApp", "InterestConsoleApp\InterestConsoleApp.csproj", "{C1B9C748-E695-4C99-9573-6504BE746730}"
EndProject
Project("{FAE04EC0-301F-11D3-BF4B-00C04F79EFBC}") = "InterestWinFormsApp", "InterestWinFormsApp\InterestWinFormsApp.csproj", "{53F72745-15ED-4BA3-A60E-B4EFB24AC7F4}"
EndProject
Project("{FAE04EC0-301F-11D3-BF4B-00C04F79EFBC}") = "InterestWebApp", "InterestWebApp\InterestWebApp.csproj", "{9767B83B-35D6-4D1E-A313-EC4EECEE1D3F}"
EndProject
Global
	GlobalSection(SolutionConfigurationPlatforms) = preSolution
		Debug|Any CPU = Debug|Any CPU
		Release|Any CPU = Release|Any CPU
	EndGlobalSection
	GlobalSection(ProjectConfigurationPlatforms) = postSolution
		{94B5C30A-BBEE-4D1E-86AB-6F046BC91D07}.Debug|Any CPU.ActiveCfg = Debug|Any CPU
		{94B5C30A-BBEE-4D1E-86AB-6F046BC91D07}.Debug|Any CPU.Build.0 = Debug|Any CPU
		{94B5C30A-BBEE-4D1E-86AB-6F046BC91D07}.Release|Any CPU.ActiveCfg = Release|Any CPU
		{94B5C30A-BBEE-4D1E-86AB-6F046BC91D07}.Release|Any CPU.Build.0 = Release|Any CPU
		{C1B9C748-E695-4C99-9573-6504BE746730}.Debug|Any CPU.ActiveCfg = Debug|Any CPU
		{C1B9C748-E695-4C99-9573-6504BE746730}.Debug|Any CPU.Build.0 = Debug|Any CPU
		{C1B9C748-E695-4C99-9573-6504BE746730}.Release|Any CPU.ActiveCfg = Release|Any CPU
		{C1B9C748-E695-4C99-9573-6504BE746730}.Release|Any CPU.Build.0 = Release|Any CPU
		{53F72745-15ED-4BA3-A60E-B4EFB24AC7F4}.Debug|Any CPU.ActiveCfg = Debug|Any CPU
		{53F72745-15ED-4BA3-A60E-B4EFB24AC7F4}.Debug|Any CPU.Build.0 = Debug|Any CPU
		{53F72745-15ED-4BA3-A60E-B4EFB24AC7F4}.Release|Any CPU.ActiveCfg = Release|Any CPU
		{53F72745-15ED-4BA3-A60E-B4EFB24AC7F4}.Release|Any CPU.Build.0 = Release|Any CPU
		{9767B83B-35D6-4D1E-A313-EC4EECEE1D3F}.Debug|Any CPU.ActiveCfg = Debug|Any CPU
		{9767B83B-35D6-4D1E-A313-EC4EECEE1D3F}.Debug|Any CPU.Build.0 = Debug|Any CPU
		{9767B83B-35D6-4D1E-A313-EC4EECEE1D3F}.Release|Any CPU.ActiveCfg = Release|Any CPU
		{9767B83B-35D6-4D1E-A313-EC4EECEE1D3F}.Release|Any CPU.Build.0 = Release|Any CPU
	EndGlobalSection
	GlobalSection(SolutionProperties) = preSolution
		HideSolutionNode = FALSE
	EndGlobalSection
	GlobalSection(ExtensibilityGlobals) = postSolution
		SolutionGuid = {8035D307-9591-4549-A7B7-664DF2FB158C}
	EndGlobalSection
EndGlobal
